// !$*UTF8*$!
{
	archiveVersion = 1;
	classes = {
	};
	objectVersion = 48;
	objects = {

/* Begin PBXBuildFile section */
		CC5F276E20A89B1E00935DEA /* AppDelegate.swift in Sources */ = {isa = PBXBuildFile; fileRef = CC5F276D20A89B1E00935DEA /* AppDelegate.swift */; };
		CC5F277020A89B1E00935DEA /* ViewController.swift in Sources */ = {isa = PBXBuildFile; fileRef = CC5F276F20A89B1E00935DEA /* ViewController.swift */; };
		CC5F277320A89B1E00935DEA /* Main.storyboard in Resources */ = {isa = PBXBuildFile; fileRef = CC5F277120A89B1E00935DEA /* Main.storyboard */; };
		CC5F277620A89B1E00935DEA /* iosUI.xcdatamodeld in Sources */ = {isa = PBXBuildFile; fileRef = CC5F277420A89B1E00935DEA /* iosUI.xcdatamodeld */; };
		CC5F277820A89B1E00935DEA /* Assets.xcassets in Resources */ = {isa = PBXBuildFile; fileRef = CC5F277720A89B1E00935DEA /* Assets.xcassets */; };
		CC5F277B20A89B1E00935DEA /* LaunchScreen.storyboard in Resources */ = {isa = PBXBuildFile; fileRef = CC5F277920A89B1E00935DEA /* LaunchScreen.storyboard */; };
/* End PBXBuildFile section */

/* Begin PBXFileReference section */
		CC5F276A20A89B1E00935DEA /* iosUI.app */ = {isa = PBXFileReference; explicitFileType = wrapper.application; includeInIndex = 0; path = iosUI.app; sourceTree = BUILT_PRODUCTS_DIR; };
		CC5F276D20A89B1E00935DEA /* AppDelegate.swift */ = {isa = PBXFileReference; lastKnownFileType = sourcecode.swift; path = AppDelegate.swift; sourceTree = "<group>"; };
		CC5F276F20A89B1E00935DEA /* ViewController.swift */ = {isa = PBXFileReference; lastKnownFileType = sourcecode.swift; path = ViewController.swift; sourceTree = "<group>"; };
		CC5F277220A89B1E00935DEA /* Base */ = {isa = PBXFileReference; lastKnownFileType = file.storyboard; name = Base; path = Base.lproj/Main.storyboard; sourceTree = "<group>"; };
		CC5F277520A89B1E00935DEA /* iosUI.xcdatamodel */ = {isa = PBXFileReference; lastKnownFileType = wrapper.xcdatamodel; path = iosUI.xcdatamodel; sourceTree = "<group>"; };
		CC5F277720A89B1E00935DEA /* Assets.xcassets */ = {isa = PBXFileReference; lastKnownFileType = folder.assetcatalog; path = Assets.xcassets; sourceTree = "<group>"; };
		CC5F277A20A89B1E00935DEA /* Base */ = {isa = PBXFileReference; lastKnownFileType = file.storyboard; name = Base; path = Base.lproj/LaunchScreen.storyboard; sourceTree = "<group>"; };
		CC5F277C20A89B1E00935DEA /* Info.plist */ = {isa = PBXFileReference; lastKnownFileType = text.plist.xml; path = Info.plist; sourceTree = "<group>"; };
/* End PBXFileReference section */

/* Begin PBXFrameworksBuildPhase section */
		CC5F276720A89B1E00935DEA /* Frameworks */ = {
			isa = PBXFrameworksBuildPhase;
			buildActionMask = 2147483647;
			files = (
			);
			runOnlyForDeploymentPostprocessing = 0;
		};
/* End PBXFrameworksBuildPhase section */

/* Begin PBXGroup section */
		CC5F276120A89B1E00935DEA = {
			isa = PBXGroup;
			children = (
				CC5F276C20A89B1E00935DEA /* iosUI */,
				CC5F276B20A89B1E00935DEA /* Products */,
			);
			sourceTree = "<group>";
		};
		CC5F276B20A89B1E00935DEA /* Products */ = {
			isa = PBXGroup;
			children = (
				CC5F276A20A89B1E00935DEA /* iosUI.app */,
			);
			name = Products;
			sourceTree = "<group>";
		};
		CC5F276C20A89B1E00935DEA /* iosUI */ = {
			isa = PBXGroup;
			children = (
				CC5F276D20A89B1E00935DEA /* AppDelegate.swift */,
				CC5F276F20A89B1E00935DEA /* ViewController.swift */,
				CC5F277120A89B1E00935DEA /* Main.storyboard */,
				CC5F277720A89B1E00935DEA /* Assets.xcassets */,
				CC5F277920A89B1E00935DEA /* LaunchScreen.storyboard */,
				CC5F277C20A89B1E00935DEA /* Info.plist */,
				CC5F277420A89B1E00935DEA /* iosUI.xcdatamodeld */,
			);
			path = iosUI;
			sourceTree = "<group>";
		};
/* End PBXGroup section */

/* Begin PBXNativeTarget section */
		CC5F276920A89B1E00935DEA /* iosUI */ = {
			isa = PBXNativeTarget;
			buildConfigurationList = CC5F277F20A89B1E00935DEA /* Build configuration list for PBXNativeTarget "iosUI" */;
			buildPhases = (
				CC5F276620A89B1E00935DEA /* Sources */,
				CC5F276720A89B1E00935DEA /* Frameworks */,
				CC5F276820A89B1E00935DEA /* Resources */,
			);
			buildRules = (
			);
			dependencies = (
			);
			name = iosUI;
			productName = iosUI;
			productReference = CC5F276A20A89B1E00935DEA /* iosUI.app */;
			productType = "com.apple.product-type.application";
		};
/* End PBXNativeTarget section */

/* Begin PBXProject section */
		CC5F276220A89B1E00935DEA /* Project object */ = {
			isa = PBXProject;
			attributes = {
				LastSwiftUpdateCheck = 0920;
				LastUpgradeCheck = 0920;
				ORGANIZATIONNAME = cocoa;
				TargetAttributes = {
					CC5F276920A89B1E00935DEA = {
						CreatedOnToolsVersion = 9.2;
						ProvisioningStyle = Automatic;
					};
				};
			};
			buildConfigurationList = CC5F276520A89B1E00935DEA /* Build configuration list for PBXProject "iosUI" */;
			compatibilityVersion = "Xcode 8.0";
			developmentRegion = en;
			hasScannedForEncodings = 0;
			knownRegions = (
				en,
				Base,
			);
			mainGroup = CC5F276120A89B1E00935DEA;
			productRefGroup = CC5F276B20A89B1E00935DEA /* Products */;
			projectDirPath = "";
			projectRoot = "";
			targets = (
				CC5F276920A89B1E00935DEA /* iosUI */,
			);
		};
/* End PBXProject section */

/* Begin PBXResourcesBuildPhase section */
		CC5F276820A89B1E00935DEA /* Resources */ = {
			isa = PBXResourcesBuildPhase;
			buildActionMask = 2147483647;
			files = (
				CC5F277B20A89B1E00935DEA /* LaunchScreen.storyboard in Resources */,
				CC5F277820A89B1E00935DEA /* Assets.xcassets in Resources */,
				CC5F277320A89B1E00935DEA /* Main.storyboard in Resources */,
			);
			runOnlyForDeploymentPostprocessing = 0;
		};
/* End PBXResourcesBuildPhase section */

/* Begin PBXSourcesBuildPhase section */
		CC5F276620A89B1E00935DEA /* Sources */ = {
			isa = PBXSourcesBuildPhase;
			buildActionMask = 2147483647;
			files = (
				CC5F277620A89B1E00935DEA /* iosUI.xcdatamodeld in Sources */,
				CC5F277020A89B1E00935DEA /* ViewController.swift in Sources */,
				CC5F276E20A89B1E00935DEA /* AppDelegate.swift in Sources */,
			);
			runOnlyForDeploymentPostprocessing = 0;
		};
/* End PBXSourcesBuildPhase section */

/* Begin PBXVariantGroup section */
		CC5F277120A89B1E00935DEA /* Main.storyboard */ = {
			isa = PBXVariantGroup;
			children = (
				CC5F277220A89B1E00935DEA /* Base */,
			);
			name = Main.storyboard;
			sourceTree = "<group>";
		};
		CC5F277920A89B1E00935DEA /* LaunchScreen.storyboard */ = {
			isa = PBXVariantGroup;
			children = (
				CC5F277A20A89B1E00935DEA /* Base */,
			);
			name = LaunchScreen.storyboard;
			sourceTree = "<group>";
		};
/* End PBXVariantGroup section */

/* Begin XCBuildConfiguration section */
		CC5F277D20A89B1E00935DEA /* Debug */ = {
			isa = XCBuildConfiguration;
			buildSettings = {
				ALWAYS_SEARCH_USER_PATHS = NO;
				CLANG_ANALYZER_NONNULL = YES;
				CLANG_ANALYZER_NUMBER_OBJECT_CONVERSION = YES_AGGRESSIVE;
				CLANG_CXX_LANGUAGE_STANDARD = "gnu++14";
				CLANG_CXX_LIBRARY = "libc++";
				CLANG_ENABLE_MODULES = YES;
				CLANG_ENABLE_OBJC_ARC = YES;
				CLANG_WARN_BLOCK_CAPTURE_AUTORELEASING = YES;
				CLANG_WARN_BOOL_CONVERSION = YES;
				CLANG_WARN_COMMA = YES;
				CLANG_WARN_CONSTANT_CONVERSION = YES;
				CLANG_WARN_DIRECT_OBJC_ISA_USAGE = YES_ERROR;
				CLANG_WARN_DOCUMENTATION_COMMENTS = YES;
				CLANG_WARN_EMPTY_BODY = YES;
				CLANG_WARN_ENUM_CONVERSION = YES;
				CLANG_WARN_INFINITE_RECURSION = YES;
				CLANG_WARN_INT_CONVERSION = YES;
				CLANG_WARN_NON_LITERAL_NULL_CONVERSION = YES;
				CLANG_WARN_OBJC_LITERAL_CONVERSION = YES;
				CLANG_WARN_OBJC_ROOT_CLASS = YES_ERROR;
				CLANG_WARN_RANGE_LOOP_ANALYSIS = YES;
				CLANG_WARN_STRICT_PROTOTYPES = YES;
				CLANG_WARN_SUSPICIOUS_MOVE = YES;
				CLANG_WARN_UNGUARDED_AVAILABILITY = YES_AGGRESSIVE;
				CLANG_WARN_UNREACHABLE_CODE = YES;
				CLANG_WARN__DUPLICATE_METHOD_MATCH = YES;
				CODE_SIGN_IDENTITY = "iPhone Developer";
				COPY_PHASE_STRIP = NO;
				DEBUG_INFORMATION_FORMAT = dwarf;
				ENABLE_STRICT_OBJC_MSGSEND = YES;
				ENABLE_TESTABILITY = YES;
				GCC_C_LANGUAGE_STANDARD = gnu11;
				GCC_DYNAMIC_NO_PIC = NO;
				GCC_NO_COMMON_BLOCKS = YES;
				GCC_OPTIMIZATION_LEVEL = 0;
				GCC_PREPROCESSOR_DEFINITIONS = (
					"DEBUG=1",
					"$(inherited)",
				);
				GCC_WARN_64_TO_32_BIT_CONVERSION = YES;
				GCC_WARN_ABOUT_RETURN_TYPE = YES_ERROR;
				GCC_WARN_UNDECLARED_SELECTOR = YES;
				GCC_WARN_UNINITIALIZED_AUTOS = YES_AGGRESSIVE;
				GCC_WARN_UNUSED_FUNCTION = YES;
				GCC_WARN_UNUSED_VARIABLE = YES;
				IPHONEOS_DEPLOYMENT_TARGET = 11.2;
				MTL_ENABLE_DEBUG_INFO = YES;
				ONLY_ACTIVE_ARCH = YES;
				SDKROOT = iphoneos;
				SWIFT_ACTIVE_COMPILATION_CONDITIONS = DEBUG;
				SWIFT_OPTIMIZATION_LEVEL = "-Onone";
			};
			name = Debug;
		};
		CC5F277E20A89B1E00935DEA /* Release */ = {
			isa = XCBuildConfiguration;
			buildSettings = {
				ALWAYS_SEARCH_USER_PATHS = NO;
				CLANG_ANALYZER_NONNULL = YES;
				CLANG_ANALYZER_NUMBER_OBJECT_CONVERSION = YES_AGGRESSIVE;
				CLANG_CXX_LANGUAGE_STANDARD = "gnu++14";
				CLANG_CXX_LIBRARY = "libc++";
				CLANG_ENABLE_MODULES = YES;
				CLANG_ENABLE_OBJC_ARC = YES;
				CLANG_WARN_BLOCK_CAPTURE_AUTORELEASING = YES;
				CLANG_WARN_BOOL_CONVERSION = YES;
				CLANG_WARN_COMMA = YES;
				CLANG_WARN_CONSTANT_CONVERSION = YES;
				CLANG_WARN_DIRECT_OBJC_ISA_USAGE = YES_ERROR;
				CLANG_WARN_DOCUMENTATION_COMMENTS = YES;
				CLANG_WARN_EMPTY_BODY = YES;
				CLANG_WARN_ENUM_CONVERSION = YES;
				CLANG_WARN_INFINITE_RECURSION = YES;
				CLANG_WARN_INT_CONVERSION = YES;
				CLANG_WARN_NON_LITERAL_NULL_CONVERSION = YES;
				CLANG_WARN_OBJC_LITERAL_CONVERSION = YES;
				CLANG_WARN_OBJC_ROOT_CLASS = YES_ERROR;
				CLANG_WARN_RANGE_LOOP_ANALYSIS = YES;
				CLANG_WARN_STRICT_PROTOTYPES = YES;
				CLANG_WARN_SUSPICIOUS_MOVE = YES;
				CLANG_WARN_UNGUARDED_AVAILABILITY = YES_AGGRESSIVE;
				CLANG_WARN_UNREACHABLE_CODE = YES;
				CLANG_WARN__DUPLICATE_METHOD_MATCH = YES;
				CODE_SIGN_IDENTITY = "iPhone Developer";
				COPY_PHASE_STRIP = NO;
				DEBUG_INFORMATION_FORMAT = "dwarf-with-dsym";
				ENABLE_NS_ASSERTIONS = NO;
				ENABLE_STRICT_OBJC_MSGSEND = YES;
				GCC_C_LANGUAGE_STANDARD = gnu11;
				GCC_NO_COMMON_BLOCKS = YES;
				GCC_WARN_64_TO_32_BIT_CONVERSION = YES;
				GCC_WARN_ABOUT_RETURN_TYPE = YES_ERROR;
				GCC_WARN_UNDECLARED_SELECTOR = YES;
				GCC_WARN_UNINITIALIZED_AUTOS = YES_AGGRESSIVE;
				GCC_WARN_UNUSED_FUNCTION = YES;
				GCC_WARN_UNUSED_VARIABLE = YES;
				IPHONEOS_DEPLOYMENT_TARGET = 11.2;
				MTL_ENABLE_DEBUG_INFO = NO;
				SDKROOT = iphoneos;
				SWIFT_OPTIMIZATION_LEVEL = "-Owholemodule";
				VALIDATE_PRODUCT = YES;
			};
			name = Release;
		};
		CC5F278020A89B1E00935DEA /* Debug */ = {
			isa = XCBuildConfiguration;
			buildSettings = {
				ASSETCATALOG_COMPILER_APPICON_NAME = AppIcon;
				CODE_SIGN_STYLE = Automatic;
				INFOPLIST_FILE = iosUI/Info.plist;
				LD_RUNPATH_SEARCH_PATHS = "$(inherited) @executable_path/Frameworks";
				PRODUCT_BUNDLE_IDENTIFIER = man.stamp.dev.iosUI;
				PRODUCT_NAME = "$(TARGET_NAME)";
				SWIFT_VERSION = 4.0;
				TARGETED_DEVICE_FAMILY = "1,2";
			};
			name = Debug;
		};
		CC5F278120A89B1E00935DEA /* Release */ = {
			isa = XCBuildConfiguration;
			buildSettings = {
				ASSETCATALOG_COMPILER_APPICON_NAME = AppIcon;
				CODE_SIGN_STYLE = Automatic;
				INFOPLIST_FILE = iosUI/Info.plist;
				LD_RUNPATH_SEARCH_PATHS = "$(inherited) @executable_path/Frameworks";
				PRODUCT_BUNDLE_IDENTIFIER = man.stamp.dev.iosUI;
				PRODUCT_NAME = "$(TARGET_NAME)";
				SWIFT_VERSION = 4.0;
				TARGETED_DEVICE_FAMILY = "1,2";
			};
			name = Release;
		};
/* End XCBuildConfiguration section */

/* Begin XCConfigurationList section */
		CC5F276520A89B1E00935DEA /* Build configuration list for PBXProject "iosUI" */ = {
			isa = XCConfigurationList;
			buildConfigurations = (
				CC5F277D20A89B1E00935DEA /* Debug */,
				CC5F277E20A89B1E00935DEA /* Release */,
			);
			defaultConfigurationIsVisible = 0;
			defaultConfigurationName = Release;
		};
		CC5F277F20A89B1E00935DEA /* Build configuration list for PBXNativeTarget "iosUI" */ = {
			isa = XCConfigurationList;
			buildConfigurations = (
				CC5F278020A89B1E00935DEA /* Debug */,
				CC5F278120A89B1E00935DEA /* Release */,
			);
			defaultConfigurationIsVisible = 0;
			defaultConfigurationName = Release;
		};
/* End XCConfigurationList section */

/* Begin XCVersionGroup section */
		CC5F277420A89B1E00935DEA /* iosUI.xcdatamodeld */ = {
			isa = XCVersionGroup;
			children = (
				CC5F277520A89B1E00935DEA /* iosUI.xcdatamodel */,
			);
			currentVersion = CC5F277520A89B1E00935DEA /* iosUI.xcdatamodel */;
			path = iosUI.xcdatamodeld;
			sourceTree = "<group>";
			versionGroupType = wrapper.xcdatamodel;
		};
/* End XCVersionGroup section */
	};
	rootObject = CC5F276220A89B1E00935DEA /* Project object */;
}
